Microsoft Visual Studio Solution File, Format Version 12.00
# Visual Studio Version 17
VisualStudioVersion = 17.5.2.0
MinimumVisualStudioVersion = 10.0.40219.1
Project("{FAE04EC0-301F-11D3-BF4B-00C04F79EFBC}") = "HospitalManagement", "HospitalManagement.csproj", "{5056A60A-71B6-DBAD-DF33-65F3D7EC683F}"
EndProject
Global
	GlobalSection(SolutionConfigurationPlatforms) = preSolution
		Debug|Any CPU = Debug|Any CPU
		Release|Any CPU = Release|Any CPU
	EndGlobalSection
	GlobalSection(ProjectConfigurationPlatforms) = postSolution
		{5056A60A-71B6-DBAD-DF33-65F3D7EC683F}.Debug|Any CPU.ActiveCfg = Debug|Any CPU
		{5056A60A-71B6-DBAD-DF33-65F3D7EC683F}.Debug|Any CPU.Build.0 = Debug|Any CPU
		{5056A60A-71B6-DBAD-DF33-65F3D7EC683F}.Release|Any CPU.ActiveCfg = Release|Any CPU
		{5056A60A-71B6-DBAD-DF33-65F3D7EC683F}.Release|Any CPU.Build.0 = Release|Any CPU
	EndGlobalSection
	GlobalSection(SolutionProperties) = preSolution
		HideSolutionNode = FALSE
	EndGlobalSection
	GlobalSection(ExtensibilityGlobals) = postSolution
		SolutionGuid = {D16AC4C4-9723-42CE-A1EB-526A3F8D3465}
	EndGlobalSection
EndGlobal
